
Microsoft Visual Studio Solution File, Format Version 12.00
# Visual Studio Version 16
VisualStudioVersion = 16.0.31624.102
MinimumVisualStudioVersion = 10.0.40219.1
Project("{FAE04EC0-301F-11D3-BF4B-00C04F79EFBC}") = "Lab07", "Lab07.csproj", "{679C92B7-EF8D-4FE2-AA0C-DF7AC993238F}"
EndProject
Global
	GlobalSection(SolutionConfigurationPlatforms) = preSolution
		Debug|Any CPU = Debug|Any CPU
		Release|Any CPU = Release|Any CPU
	EndGlobalSection
	GlobalSection(ProjectConfigurationPlatforms) = postSolution
		{679C92B7-EF8D-4FE2-AA0C-DF7AC993238F}.Debug|Any CPU.ActiveCfg = Debug|Any CPU
		{679C92B7-EF8D-4FE2-AA0C-DF7AC993238F}.Debug|Any CPU.Build.0 = Debug|Any CPU
		{679C92B7-EF8D-4FE2-AA0C-DF7AC993238F}.Release|Any CPU.ActiveCfg = Release|Any CPU
		{679C92B7-EF8D-4FE2-AA0C-DF7AC993238F}.Release|Any CPU.Build.0 = Release|Any CPU
	EndGlobalSection
	GlobalSection(SolutionProperties) = preSolution
		HideSolutionNode = FALSE
	EndGlobalSection
	GlobalSection(ExtensibilityGlobals) = postSolution
		SolutionGuid = {54884880-F6A6-4866-A2A0-09E79AB4B143}
	EndGlobalSection
EndGlobal
